
Microsoft Visual Studio Solution File, Format Version 12.00
# Visual Studio Version 17
VisualStudioVersion = 17.0.31423.177
MinimumVisualStudioVersion = 10.0.40219.1
Project("{FAE04EC0-301F-11D3-BF4B-00C04F79EFBC}") = "addOneSecond", "addOneSecond\addOneSecond.csproj", "{95D489B1-ABDC-40E7-9BF5-6FDD13EA7CD9}"
EndProject
Project("{FAE04EC0-301F-11D3-BF4B-00C04F79EFBC}") = "addOneSecond.Background", "addOneSecond.Background\addOneSecond.Background.csproj", "{59225504-11D3-46A5-8948-347A3B83A713}"
EndProject
Global
	GlobalSection(SolutionConfigurationPlatforms) = preSolution
		Debug|arm64 = Debug|arm64
		Debug|x64 = Debug|x64
		Debug|x86 = Debug|x86
		Release|arm64 = Release|arm64
		Release|x64 = Release|x64
		Release|x86 = Release|x86
	EndGlobalSection
	GlobalSection(ProjectConfigurationPlatforms) = postSolution
		{95D489B1-ABDC-40E7-9BF5-6FDD13EA7CD9}.Debug|arm64.ActiveCfg = Debug|arm64
		{95D489B1-ABDC-40E7-9BF5-6FDD13EA7CD9}.Debug|arm64.Build.0 = Debug|arm64
		{95D489B1-ABDC-40E7-9BF5-6FDD13EA7CD9}.Debug|arm64.Deploy.0 = Debug|arm64
		{95D489B1-ABDC-40E7-9BF5-6FDD13EA7CD9}.Debug|x64.ActiveCfg = Debug|x64
		{95D489B1-ABDC-40E7-9BF5-6FDD13EA7CD9}.Debug|x64.Build.0 = Debug|x64
		{95D489B1-ABDC-40E7-9BF5-6FDD13EA7CD9}.Debug|x64.Deploy.0 = Debug|x64
		{95D489B1-ABDC-40E7-9BF5-6FDD13EA7CD9}.Debug|x86.ActiveCfg = Debug|x86
		{95D489B1-ABDC-40E7-9BF5-6FDD13EA7CD9}.Debug|x86.Build.0 = Debug|x86
		{95D489B1-ABDC-40E7-9BF5-6FDD13EA7CD9}.Debug|x86.Deploy.0 = Debug|x86
		{95D489B1-ABDC-40E7-9BF5-6FDD13EA7CD9}.Release|arm64.ActiveCfg = Release|arm64
		{95D489B1-ABDC-40E7-9BF5-6FDD13EA7CD9}.Release|arm64.Build.0 = Release|arm64
		{95D489B1-ABDC-40E7-9BF5-6FDD13EA7CD9}.Release|arm64.Deploy.0 = Release|arm64
		{95D489B1-ABDC-40E7-9BF5-6FDD13EA7CD9}.Release|x64.ActiveCfg = Release|x64
		{95D489B1-ABDC-40E7-9BF5-6FDD13EA7CD9}.Release|x64.Build.0 = Release|x64
		{95D489B1-ABDC-40E7-9BF5-6FDD13EA7CD9}.Release|x64.Deploy.0 = Release|x64
		{95D489B1-ABDC-40E7-9BF5-6FDD13EA7CD9}.Release|x86.ActiveCfg = Release|x86
		{95D489B1-ABDC-40E7-9BF5-6FDD13EA7CD9}.Release|x86.Build.0 = Release|x86
		{95D489B1-ABDC-40E7-9BF5-6FDD13EA7CD9}.Release|x86.Deploy.0 = Release|x86
		{59225504-11D3-46A5-8948-347A3B83A713}.Debug|arm64.ActiveCfg = Debug|arm64
		{59225504-11D3-46A5-8948-347A3B83A713}.Debug|arm64.Build.0 = Debug|arm64
		{59225504-11D3-46A5-8948-347A3B83A713}.Debug|x64.ActiveCfg = Debug|x64
		{59225504-11D3-46A5-8948-347A3B83A713}.Debug|x64.Build.0 = Debug|x64
		{59225504-11D3-46A5-8948-347A3B83A713}.Debug|x86.ActiveCfg = Debug|Any CPU
		{59225504-11D3-46A5-8948-347A3B83A713}.Debug|x86.Build.0 = Debug|Any CPU
		{59225504-11D3-46A5-8948-347A3B83A713}.Release|arm64.ActiveCfg = Release|arm64
		{59225504-11D3-46A5-8948-347A3B83A713}.Release|arm64.Build.0 = Release|arm64
		{59225504-11D3-46A5-8948-347A3B83A713}.Release|x64.ActiveCfg = Release|x64
		{59225504-11D3-46A5-8948-347A3B83A713}.Release|x64.Build.0 = Release|x64
		{59225504-11D3-46A5-8948-347A3B83A713}.Release|x86.ActiveCfg = Release|Any CPU
		{59225504-11D3-46A5-8948-347A3B83A713}.Release|x86.Build.0 = Release|Any CPU
	EndGlobalSection
	GlobalSection(SolutionProperties) = preSolution
		HideSolutionNode = FALSE
	EndGlobalSection
	GlobalSection(ExtensibilityGlobals) = postSolution
		SolutionGuid = {263214FC-22FD-4B4F-8A18-FCBBE14598DA}
	EndGlobalSection
EndGlobal
